Microsoft Visual Studio Solution File, Format Version 12.00
# Visual Studio 15
Project("{FAE04EC0-301F-11D3-BF4B-00C04F79EFBC}") = "undream.llmunity.Runtime", "undream.llmunity.Runtime.csproj", "{6097C240-9C9B-8F24-B067-9F35DA372FD6}"
EndProject
Project("{FAE04EC0-301F-11D3-BF4B-00C04F79EFBC}") = "Assembly-CSharp-Editor", "Assembly-CSharp-Editor.csproj", "{2E4386A8-7F3C-46AF-CB5B-9CD42A83F37B}"
EndProject
Project("{FAE04EC0-301F-11D3-BF4B-00C04F79EFBC}") = "Assembly-CSharp", "Assembly-CSharp.csproj", "{1E904E0C-C8D6-3341-E337-C34845D86988}"
EndProject
Project("{FAE04EC0-301F-11D3-BF4B-00C04F79EFBC}") = "Cloud.Unum.USearch", "Cloud.Unum.USearch.csproj", "{0B8F6424-68D1-CE07-BA9F-DA0E3E202695}"
EndProject
Project("{FAE04EC0-301F-11D3-BF4B-00C04F79EFBC}") = "undream.llmunity.Runtime.Tests", "undream.llmunity.Runtime.Tests.csproj", "{6FE3ECDB-EB57-0801-CEDB-252B8C904047}"
EndProject
Project("{FAE04EC0-301F-11D3-BF4B-00C04F79EFBC}") = "undream.llmunity.Editor", "undream.llmunity.Editor.csproj", "{7889EE92-D612-8C1F-2940-91B1FF5BE4C9}"
EndProject
Global
	GlobalSection(SolutionConfigurationPlatforms) = preSolution
		Debug|Any CPU = Debug|Any CPU
		Release|Any CPU = Release|Any CPU
	EndGlobalSection
	GlobalSection(ProjectConfigurationPlatforms) = postSolution
		{6097C240-9C9B-8F24-B067-9F35DA372FD6}.Debug|Any CPU.ActiveCfg = Debug|Any CPU
		{6097C240-9C9B-8F24-B067-9F35DA372FD6}.Debug|Any CPU.Build.0 = Debug|Any CPU
		{6097C240-9C9B-8F24-B067-9F35DA372FD6}.Release|Any CPU.ActiveCfg = Release|Any CPU
		{6097C240-9C9B-8F24-B067-9F35DA372FD6}.Release|Any CPU.Build.0 = Release|Any CPU
		{2E4386A8-7F3C-46AF-CB5B-9CD42A83F37B}.Debug|Any CPU.ActiveCfg = Debug|Any CPU
		{2E4386A8-7F3C-46AF-CB5B-9CD42A83F37B}.Debug|Any CPU.Build.0 = Debug|Any CPU
		{2E4386A8-7F3C-46AF-CB5B-9CD42A83F37B}.Release|Any CPU.ActiveCfg = Release|Any CPU
		{2E4386A8-7F3C-46AF-CB5B-9CD42A83F37B}.Release|Any CPU.Build.0 = Release|Any CPU
		{1E904E0C-C8D6-3341-E337-C34845D86988}.Debug|Any CPU.ActiveCfg = Debug|Any CPU
		{1E904E0C-C8D6-3341-E337-C34845D86988}.Debug|Any CPU.Build.0 = Debug|Any CPU
		{1E904E0C-C8D6-3341-E337-C34845D86988}.Release|Any CPU.ActiveCfg = Release|Any CPU
		{1E904E0C-C8D6-3341-E337-C34845D86988}.Release|Any CPU.Build.0 = Release|Any CPU
		{0B8F6424-68D1-CE07-BA9F-DA0E3E202695}.Debug|Any CPU.ActiveCfg = Debug|Any CPU
		{0B8F6424-68D1-CE07-BA9F-DA0E3E202695}.Debug|Any CPU.Build.0 = Debug|Any CPU
		{0B8F6424-68D1-CE07-BA9F-DA0E3E202695}.Release|Any CPU.ActiveCfg = Release|Any CPU
		{0B8F6424-68D1-CE07-BA9F-DA0E3E202695}.Release|Any CPU.Build.0 = Release|Any CPU
		{6FE3ECDB-EB57-0801-CEDB-252B8C904047}.Debug|Any CPU.ActiveCfg = Debug|Any CPU
		{6FE3ECDB-EB57-0801-CEDB-252B8C904047}.Debug|Any CPU.Build.0 = Debug|Any CPU
		{6FE3ECDB-EB57-0801-CEDB-252B8C904047}.Release|Any CPU.ActiveCfg = Release|Any CPU
		{6FE3ECDB-EB57-0801-CEDB-252B8C904047}.Release|Any CPU.Build.0 = Release|Any CPU
		{7889EE92-D612-8C1F-2940-91B1FF5BE4C9}.Debug|Any CPU.ActiveCfg = Debug|Any CPU
		{7889EE92-D612-8C1F-2940-91B1FF5BE4C9}.Debug|Any CPU.Build.0 = Debug|Any CPU
		{7889EE92-D612-8C1F-2940-91B1FF5BE4C9}.Release|Any CPU.ActiveCfg = Release|Any CPU
		{7889EE92-D612-8C1F-2940-91B1FF5BE4C9}.Release|Any CPU.Build.0 = Release|Any CPU
	EndGlobalSection
	GlobalSection(SolutionProperties) = preSolution
		HideSolutionNode = FALSE
	EndGlobalSection
EndGlobal
